{
  "originHash" : "aedb7a2ca256fbe8c5206221cfb13caef88fea9a74434e098943167bb11fd1b8",
  "pins" : [
    {
      "identity" : "ai",
      "kind" : "remoteSourceControl",
      "location" : "https://github.com/PreternaturalAI/AI.git",
      "state" : {
        "branch" : "main",
        "revision" : "baaee743c20b56b86b6dfe3341e2652f8edd2f2d"
      }
    },
    {
      "identity" : "chatkit",
      "kind" : "remoteSourceControl",
      "location" : "https://github.com/PreternaturalAI/ChatKit.git",
      "state" : {
        "branch" : "main",
        "revision" : "fdb28aca19c2c33d0101668a45b2417dcafead57"
      }
    },
    {
      "identity" : "corepersistence",
      "kind" : "remoteSourceControl",
      "location" : "https://github.com/vmanot/CorePersistence.git",
      "state" : {
        "branch" : "main",
        "revision" : "302f6123b17047b5ea8f91b06b7440370ff13d9f"
      }
    },
    {
      "identity" : "merge",
      "kind" : "remoteSourceControl",
      "location" : "https://github.com/vmanot/Merge.git",
      "state" : {
        "branch" : "master",
        "revision" : "834aa4fff89e362958c2b84f5858432a4a8474dd"
      }
    },
    {
      "identity" : "networkkit",
      "kind" : "remoteSourceControl",
      "location" : "https://github.com/vmanot/NetworkKit.git",
      "state" : {
        "branch" : "master",
        "revision" : "8daa1ba22e5d18e1b8e469d5a0dd0c58b675eb87"
      }
    },
    {
      "identity" : "swallow",
      "kind" : "remoteSourceControl",
      "location" : "https://github.com/vmanot/Swallow.git",
      "state" : {
        "branch" : "master",
        "revision" : "2cb6e487779d56a31d1168df90a3d8b59ae8134b"
      }
    },
    {
      "identity" : "swift-collections",
      "kind" : "remoteSourceControl",
      "location" : "https://github.com/apple/swift-collections",
      "state" : {
        "revision" : "671108c96644956dddcd89dd59c203dcdb36cec7",
        "version" : "1.1.4"
      }
    },
    {
      "identity" : "swift-syntax-xcframeworks",
      "kind" : "remoteSourceControl",
      "location" : "https://github.com/sjavora/swift-syntax-xcframeworks.git",
      "state" : {
        "revision" : "9ee39cc55ade054ed2ec0c6a082476e6d4f074bd",
        "version" : "600.0.1"
      }
    },
    {
      "identity" : "swiftapi",
      "kind" : "remoteSourceControl",
      "location" : "https://github.com/vmanot/SwiftAPI.git",
      "state" : {
        "branch" : "master",
        "revision" : "3e47cc5f9b0cefe9ed1d0971aff22583bd9ac7b0"
      }
    },
    {
      "identity" : "swiftui-introspect",
      "kind" : "remoteSourceControl",
      "location" : "https://github.com/siteline/SwiftUI-Introspect",
      "state" : {
        "revision" : "121c146fe591b1320238d054ae35c81ffa45f45a",
        "version" : "0.12.0"
      }
    },
    {
      "identity" : "swiftuix",
      "kind" : "remoteSourceControl",
      "location" : "https://github.com/SwiftUIX/SwiftUIX.git",
      "state" : {
        "branch" : "master",
        "revision" : "a68663989c8aaae013c4104c6a4aa2f35afe1000"
      }
    },
    {
      "identity" : "swiftuiz",
      "kind" : "remoteSourceControl",
      "location" : "https://github.com/SwiftUIX/SwiftUIZ.git",
      "state" : {
        "branch" : "main",
        "revision" : "f4eba57e9052942c28dc6a1d757826cbee498006"
      }
    }
  ],
  "version" : 3
}
