{
  "pins" : [
    {
      "identity" : "ai",
      "kind" : "remoteSourceControl",
      "location" : "https://github.com/PreternaturalAI/AI.git",
      "state" : {
        "branch" : "main",
        "revision" : "c483510ce90adf7158c3c012d291b56356af6328"
      }
    },
    {
      "identity" : "browserkit",
      "kind" : "remoteSourceControl",
      "location" : "https://github.com/vmanot/BrowserKit.git",
      "state" : {
        "branch" : "main",
        "revision" : "33b8650ac6bb147b01cf3e762ae0077f6ee64a0d"
      }
    },
    {
      "identity" : "chatkit",
      "kind" : "remoteSourceControl",
      "location" : "https://github.com/PreternaturalAI/ChatKit.git",
      "state" : {
        "branch" : "main",
        "revision" : "2d6bdbd92867be109450205a9084498f5dc55e94"
      }
    },
    {
      "identity" : "corepersistence",
      "kind" : "remoteSourceControl",
      "location" : "https://github.com/vmanot/CorePersistence.git",
      "state" : {
        "branch" : "main",
        "revision" : "6040a727ca88f3af0f75f71a20d063d8484dede1"
      }
    },
    {
      "identity" : "merge",
      "kind" : "remoteSourceControl",
      "location" : "https://github.com/vmanot/Merge.git",
      "state" : {
        "branch" : "master",
        "revision" : "763d001cae2504990d264521bb4a1122b81425f4"
      }
    },
    {
      "identity" : "networkkit",
      "kind" : "remoteSourceControl",
      "location" : "https://github.com/vmanot/NetworkKit.git",
      "state" : {
        "branch" : "master",
        "revision" : "56c14158c382952ef66166d1d19ae5ad35f84c0b"
      }
    },
    {
      "identity" : "swallow",
      "kind" : "remoteSourceControl",
      "location" : "https://github.com/vmanot/Swallow.git",
      "state" : {
        "branch" : "master",
        "revision" : "ca5ce97e2f2b097baccff90a7e619c0bd7a28aa8"
      }
    },
    {
      "identity" : "swift-collections",
      "kind" : "remoteSourceControl",
      "location" : "https://github.com/apple/swift-collections",
      "state" : {
        "revision" : "94cf62b3ba8d4bed62680a282d4c25f9c63c2efb",
        "version" : "1.1.0"
      }
    },
    {
      "identity" : "swift-syntax",
      "kind" : "remoteSourceControl",
      "location" : "https://github.com/apple/swift-syntax.git",
      "state" : {
        "revision" : "fa8f95c2d536d6620cc2f504ebe8a6167c9fc2dd",
        "version" : "510.0.1"
      }
    },
    {
      "identity" : "swiftapi",
      "kind" : "remoteSourceControl",
      "location" : "https://github.com/vmanot/SwiftAPI.git",
      "state" : {
        "branch" : "master",
        "revision" : "ab9d8e61a0a76671580232cee7f1adf8f33bd881"
      }
    },
    {
      "identity" : "swiftsoup",
      "kind" : "remoteSourceControl",
      "location" : "https://github.com/scinfu/SwiftSoup.git",
      "state" : {
        "revision" : "0e96a20ffd37a515c5c963952d4335c89bed50a6",
        "version" : "2.6.0"
      }
    },
    {
      "identity" : "swiftui-introspect",
      "kind" : "remoteSourceControl",
      "location" : "https://github.com/siteline/SwiftUI-Introspect",
      "state" : {
        "revision" : "121c146fe591b1320238d054ae35c81ffa45f45a",
        "version" : "0.12.0"
      }
    },
    {
      "identity" : "swiftuix",
      "kind" : "remoteSourceControl",
      "location" : "https://github.com/SwiftUIX/SwiftUIX.git",
      "state" : {
        "branch" : "master",
        "revision" : "e2c2ba3943b5fbb4a7e691f83993962e6514cc5c"
      }
    },
    {
      "identity" : "swiftuiz",
      "kind" : "remoteSourceControl",
      "location" : "https://github.com/SwiftUIX/SwiftUIZ.git",
      "state" : {
        "branch" : "main",
        "revision" : "98cb42a1ca684494e0104b6930122fab841b71b9"
      }
    }
  ],
  "version" : 2
}
