{
  "originHash" : "442b60c5fd1ddcfdd2b8652a0ab3a56f78ec1d89681bb78788ec2cdd09ad6abc",
  "pins" : [
    {
      "identity" : "ai",
      "kind" : "remoteSourceControl",
      "location" : "https://github.com/PreternaturalAI/AI.git",
      "state" : {
        "branch" : "main",
        "revision" : "3bebc493f6dea616f5333c2417e4594ce5cf5a77"
      }
    },
    {
      "identity" : "browserkit",
      "kind" : "remoteSourceControl",
      "location" : "https://github.com/vmanot/BrowserKit.git",
      "state" : {
        "branch" : "main",
        "revision" : "2d20df8329f18f972fa486c936b617e15d1b4f57"
      }
    },
    {
      "identity" : "chatkit",
      "kind" : "remoteSourceControl",
      "location" : "https://github.com/PreternaturalAI/ChatKit.git",
      "state" : {
        "branch" : "main",
        "revision" : "19127782fe3c0f59fb35772b7cc80db1c8441146"
      }
    },
    {
      "identity" : "corepersistence",
      "kind" : "remoteSourceControl",
      "location" : "https://github.com/vmanot/CorePersistence.git",
      "state" : {
        "branch" : "main",
        "revision" : "4a4126ec2eae9ecc6266b474664fad5e64842416"
      }
    },
    {
      "identity" : "merge",
      "kind" : "remoteSourceControl",
      "location" : "https://github.com/vmanot/Merge.git",
      "state" : {
        "branch" : "master",
        "revision" : "757544ef0b03019a48b5c167259e6aef29a1d53d"
      }
    },
    {
      "identity" : "networkkit",
      "kind" : "remoteSourceControl",
      "location" : "https://github.com/vmanot/NetworkKit.git",
      "state" : {
        "branch" : "master",
        "revision" : "8daa1ba22e5d18e1b8e469d5a0dd0c58b675eb87"
      }
    },
    {
      "identity" : "swallow",
      "kind" : "remoteSourceControl",
      "location" : "https://github.com/vmanot/Swallow.git",
      "state" : {
        "branch" : "master",
        "revision" : "9b0b150f6046a3fa56ec91a2e950c98faeb95181"
      }
    },
    {
      "identity" : "swift-collections",
      "kind" : "remoteSourceControl",
      "location" : "https://github.com/apple/swift-collections",
      "state" : {
        "revision" : "671108c96644956dddcd89dd59c203dcdb36cec7",
        "version" : "1.1.4"
      }
    },
    {
      "identity" : "swift-syntax",
      "kind" : "remoteSourceControl",
      "location" : "https://github.com/apple/swift-syntax.git",
      "state" : {
        "revision" : "0687f71944021d616d34d922343dcef086855920",
        "version" : "600.0.1"
      }
    },
    {
      "identity" : "swiftapi",
      "kind" : "remoteSourceControl",
      "location" : "https://github.com/vmanot/SwiftAPI.git",
      "state" : {
        "branch" : "master",
        "revision" : "3e47cc5f9b0cefe9ed1d0971aff22583bd9ac7b0"
      }
    },
    {
      "identity" : "swiftsoup",
      "kind" : "remoteSourceControl",
      "location" : "https://github.com/scinfu/SwiftSoup.git",
      "state" : {
        "revision" : "0e96a20ffd37a515c5c963952d4335c89bed50a6",
        "version" : "2.6.0"
      }
    },
    {
      "identity" : "swiftui-introspect",
      "kind" : "remoteSourceControl",
      "location" : "https://github.com/siteline/SwiftUI-Introspect",
      "state" : {
        "revision" : "121c146fe591b1320238d054ae35c81ffa45f45a",
        "version" : "0.12.0"
      }
    },
    {
      "identity" : "swiftuix",
      "kind" : "remoteSourceControl",
      "location" : "https://github.com/SwiftUIX/SwiftUIX.git",
      "state" : {
        "branch" : "master",
        "revision" : "db0412aa1ef59ddff357432bf2e416e38a34cdb2"
      }
    },
    {
      "identity" : "swiftuiz",
      "kind" : "remoteSourceControl",
      "location" : "https://github.com/SwiftUIX/SwiftUIZ.git",
      "state" : {
        "branch" : "main",
        "revision" : "4260778caf919fddb992d56d4235de2e030d0672"
      }
    }
  ],
  "version" : 3
}
